
Microsoft Visual Studio Solution File, Format Version 12.00
# Visual Studio Version 17
VisualStudioVersion = 17.8.34511.84
MinimumVisualStudioVersion = 10.0.40219.1
Project("{9A19103F-16F7-4668-BE54-9A1E7A4F7556}") = "GameClassLibraryFramework", "GameClassLibrary\GameClassLibraryFramework.csproj", "{AA2900A2-7246-48A1-9A44-8DADDFEE9C6D}"
EndProject
Project("{9A19103F-16F7-4668-BE54-9A1E7A4F7556}") = "GameConsoleApp", "GameConsoleApp\GameConsoleApp.csproj", "{3755133A-4795-4DD6-A889-6C6D91831BB7}"
EndProject
Global
	GlobalSection(SolutionConfigurationPlatforms) = preSolution
		Debug|Any CPU = Debug|Any CPU
		Release|Any CPU = Release|Any CPU
	EndGlobalSection
	GlobalSection(ProjectConfigurationPlatforms) = postSolution
		{AA2900A2-7246-48A1-9A44-8DADDFEE9C6D}.Debug|Any CPU.ActiveCfg = Debug|Any CPU
		{AA2900A2-7246-48A1-9A44-8DADDFEE9C6D}.Debug|Any CPU.Build.0 = Debug|Any CPU
		{AA2900A2-7246-48A1-9A44-8DADDFEE9C6D}.Release|Any CPU.ActiveCfg = Release|Any CPU
		{AA2900A2-7246-48A1-9A44-8DADDFEE9C6D}.Release|Any CPU.Build.0 = Release|Any CPU
		{3755133A-4795-4DD6-A889-6C6D91831BB7}.Debug|Any CPU.ActiveCfg = Debug|Any CPU
		{3755133A-4795-4DD6-A889-6C6D91831BB7}.Debug|Any CPU.Build.0 = Debug|Any CPU
		{3755133A-4795-4DD6-A889-6C6D91831BB7}.Release|Any CPU.ActiveCfg = Release|Any CPU
		{3755133A-4795-4DD6-A889-6C6D91831BB7}.Release|Any CPU.Build.0 = Release|Any CPU
	EndGlobalSection
	GlobalSection(SolutionProperties) = preSolution
		HideSolutionNode = FALSE
	EndGlobalSection
	GlobalSection(ExtensibilityGlobals) = postSolution
		SolutionGuid = {006F40FB-D9D1-4584-91C2-817C0B0CD931}
	EndGlobalSection
EndGlobal
